{
    "name": "quizz-app-monorepo",
    "lockfileVersion": 3,
    "requires": true,
    "packages": {
        "": {
            "name": "quizz-app-monorepo",
            "dependencies": {
                "dotenv": "^16.4.7"
            },
            "devDependencies": {
                "@biomejs/biome": "^1.9.4",
                "@playwright/test": "^1.51.1",
                "@types/node": "^22.13.12",
                "lefthook": "^1.11.3"
            }
        },
        "node_modules/@biomejs/biome": {
            "version": "1.9.4",
            "resolved": "https://registry.npmjs.org/@biomejs/biome/-/biome-1.9.4.tgz",
            "integrity": "sha512-1rkd7G70+o9KkTn5KLmDYXihGoTaIGO9PIIN2ZB7UJxFrWw04CZHPYiMRjYsaDvVV7hP1dYNRLxSANLaBFGpog==",
            "dev": true,
            "hasInstallScript": true,
            "license": "MIT OR Apache-2.0",
            "bin": {
                "biome": "bin/biome"
            },
            "engines": {
                "node": ">=14.21.3"
            },
            "funding": {
                "type": "opencollective",
                "url": "https://opencollective.com/biome"
            },
            "optionalDependencies": {
                "@biomejs/cli-darwin-arm64": "1.9.4",
                "@biomejs/cli-darwin-x64": "1.9.4",
                "@biomejs/cli-linux-arm64": "1.9.4",
                "@biomejs/cli-linux-arm64-musl": "1.9.4",
                "@biomejs/cli-linux-x64": "1.9.4",
                "@biomejs/cli-linux-x64-musl": "1.9.4",
                "@biomejs/cli-win32-arm64": "1.9.4",
                "@biomejs/cli-win32-x64": "1.9.4"
            }
        },
        "node_modules/@biomejs/cli-darwin-arm64": {
            "version": "1.9.4",
            "resolved": "https://registry.npmjs.org/@biomejs/cli-darwin-arm64/-/cli-darwin-arm64-1.9.4.tgz",
            "integrity": "sha512-bFBsPWrNvkdKrNCYeAp+xo2HecOGPAy9WyNyB/jKnnedgzl4W4Hb9ZMzYNbf8dMCGmUdSavlYHiR01QaYR58cw==",
            "cpu": [
                "arm64"
            ],
            "dev": true,
            "license": "MIT OR Apache-2.0",
            "optional": true,
            "os": [
                "darwin"
            ],
            "engines": {
                "node": ">=14.21.3"
            }
        },
        "node_modules/@biomejs/cli-darwin-x64": {
            "version": "1.9.4",
            "resolved": "https://registry.npmjs.org/@biomejs/cli-darwin-x64/-/cli-darwin-x64-1.9.4.tgz",
            "integrity": "sha512-ngYBh/+bEedqkSevPVhLP4QfVPCpb+4BBe2p7Xs32dBgs7rh9nY2AIYUL6BgLw1JVXV8GlpKmb/hNiuIxfPfZg==",
            "cpu": [
                "x64"
            ],
            "dev": true,
            "license": "MIT OR Apache-2.0",
            "optional": true,
            "os": [
                "darwin"
            ],
            "engines": {
                "node": ">=14.21.3"
            }
        },
        "node_modules/@biomejs/cli-linux-arm64": {
            "version": "1.9.4",
            "resolved": "https://registry.npmjs.org/@biomejs/cli-linux-arm64/-/cli-linux-arm64-1.9.4.tgz",
            "integrity": "sha512-fJIW0+LYujdjUgJJuwesP4EjIBl/N/TcOX3IvIHJQNsAqvV2CHIogsmA94BPG6jZATS4Hi+xv4SkBBQSt1N4/g==",
            "cpu": [
                "arm64"
            ],
            "dev": true,
            "license": "MIT OR Apache-2.0",
            "optional": true,
            "os": [
                "linux"
            ],
            "engines": {
                "node": ">=14.21.3"
            }
        },
        "node_modules/@biomejs/cli-linux-arm64-musl": {
            "version": "1.9.4",
            "resolved": "https://registry.npmjs.org/@biomejs/cli-linux-arm64-musl/-/cli-linux-arm64-musl-1.9.4.tgz",
            "integrity": "sha512-v665Ct9WCRjGa8+kTr0CzApU0+XXtRgwmzIf1SeKSGAv+2scAlW6JR5PMFo6FzqqZ64Po79cKODKf3/AAmECqA==",
            "cpu": [
                "arm64"
            ],
            "dev": true,
            "license": "MIT OR Apache-2.0",
            "optional": true,
            "os": [
                "linux"
            ],
            "engines": {
                "node": ">=14.21.3"
            }
        },
        "node_modules/@biomejs/cli-linux-x64": {
            "version": "1.9.4",
            "resolved": "https://registry.npmjs.org/@biomejs/cli-linux-x64/-/cli-linux-x64-1.9.4.tgz",
            "integrity": "sha512-lRCJv/Vi3Vlwmbd6K+oQ0KhLHMAysN8lXoCI7XeHlxaajk06u7G+UsFSO01NAs5iYuWKmVZjmiOzJ0OJmGsMwg==",
            "cpu": [
                "x64"
            ],
            "dev": true,
            "license": "MIT OR Apache-2.0",
            "optional": true,
            "os": [
                "linux"
            ],
            "engines": {
                "node": ">=14.21.3"
            }
        },
        "node_modules/@biomejs/cli-linux-x64-musl": {
            "version": "1.9.4",
            "resolved": "https://registry.npmjs.org/@biomejs/cli-linux-x64-musl/-/cli-linux-x64-musl-1.9.4.tgz",
            "integrity": "sha512-gEhi/jSBhZ2m6wjV530Yy8+fNqG8PAinM3oV7CyO+6c3CEh16Eizm21uHVsyVBEB6RIM8JHIl6AGYCv6Q6Q9Tg==",
            "cpu": [
                "x64"
            ],
            "dev": true,
            "license": "MIT OR Apache-2.0",
            "optional": true,
            "os": [
                "linux"
            ],
            "engines": {
                "node": ">=14.21.3"
            }
        },
        "node_modules/@biomejs/cli-win32-arm64": {
            "version": "1.9.4",
            "resolved": "https://registry.npmjs.org/@biomejs/cli-win32-arm64/-/cli-win32-arm64-1.9.4.tgz",
            "integrity": "sha512-tlbhLk+WXZmgwoIKwHIHEBZUwxml7bRJgk0X2sPyNR3S93cdRq6XulAZRQJ17FYGGzWne0fgrXBKpl7l4M87Hg==",
            "cpu": [
                "arm64"
            ],
            "dev": true,
            "license": "MIT OR Apache-2.0",
            "optional": true,
            "os": [
                "win32"
            ],
            "engines": {
                "node": ">=14.21.3"
            }
        },
        "node_modules/@biomejs/cli-win32-x64": {
            "version": "1.9.4",
            "resolved": "https://registry.npmjs.org/@biomejs/cli-win32-x64/-/cli-win32-x64-1.9.4.tgz",
            "integrity": "sha512-8Y5wMhVIPaWe6jw2H+KlEm4wP/f7EW3810ZLmDlrEEy5KvBsb9ECEfu/kMWD484ijfQ8+nIi0giMgu9g1UAuuA==",
            "cpu": [
                "x64"
            ],
            "dev": true,
            "license": "MIT OR Apache-2.0",
            "optional": true,
            "os": [
                "win32"
            ],
            "engines": {
                "node": ">=14.21.3"
            }
        },
        "node_modules/@playwright/test": {
            "version": "1.51.1",
            "resolved": "https://registry.npmjs.org/@playwright/test/-/test-1.51.1.tgz",
            "integrity": "sha512-nM+kEaTSAoVlXmMPH10017vn3FSiFqr/bh4fKg9vmAdMfd9SDqRZNvPSiAHADc/itWak+qPvMPZQOPwCBW7k7Q==",
            "dev": true,
            "license": "Apache-2.0",
            "dependencies": {
                "playwright": "1.51.1"
            },
            "bin": {
                "playwright": "cli.js"
            },
            "engines": {
                "node": ">=18"
            }
        },
        "node_modules/@types/node": {
            "version": "22.13.14",
            "resolved": "https://registry.npmjs.org/@types/node/-/node-22.13.14.tgz",
            "integrity": "sha512-Zs/Ollc1SJ8nKUAgc7ivOEdIBM8JAKgrqqUYi2J997JuKO7/tpQC+WCetQ1sypiKCQWHdvdg9wBNpUPEWZae7w==",
            "dev": true,
            "license": "MIT",
            "dependencies": {
                "undici-types": "~6.20.0"
            }
        },
        "node_modules/dotenv": {
            "version": "16.4.7",
            "resolved": "https://registry.npmjs.org/dotenv/-/dotenv-16.4.7.tgz",
            "integrity": "sha512-47qPchRCykZC03FhkYAhrvwU4xDBFIj1QPqaarj6mdM/hgUzfPHcpkHJOn3mJAufFeeAxAzeGsr5X0M4k6fLZQ==",
            "license": "BSD-2-Clause",
            "engines": {
                "node": ">=12"
            },
            "funding": {
                "url": "https://dotenvx.com"
            }
        },
        "node_modules/fsevents": {
            "version": "2.3.2",
            "resolved": "https://registry.npmjs.org/fsevents/-/fsevents-2.3.2.tgz",
            "integrity": "sha512-xiqMQR4xAeHTuB9uWm+fFRcIOgKBMiOBP+eXiyT7jsgVCq1bkVygt00oASowB7EdtpOHaaPgKt812P9ab+DDKA==",
            "dev": true,
            "hasInstallScript": true,
            "license": "MIT",
            "optional": true,
            "os": [
                "darwin"
            ],
            "engines": {
                "node": "^8.16.0 || ^10.6.0 || >=11.0.0"
            }
        },
        "node_modules/lefthook": {
            "version": "1.11.6",
            "resolved": "https://registry.npmjs.org/lefthook/-/lefthook-1.11.6.tgz",
            "integrity": "sha512-j0VmMM50WlPDassmgvapRum9po29Tv1BXzBNFpzGkk9E91CEG9jKik/OHyH/r/na+q8qNIUUyPL6QQuTN/UhQQ==",
            "dev": true,
            "hasInstallScript": true,
            "license": "MIT",
            "bin": {
                "lefthook": "bin/index.js"
            },
            "optionalDependencies": {
                "lefthook-darwin-arm64": "1.11.6",
                "lefthook-darwin-x64": "1.11.6",
                "lefthook-freebsd-arm64": "1.11.6",
                "lefthook-freebsd-x64": "1.11.6",
                "lefthook-linux-arm64": "1.11.6",
                "lefthook-linux-x64": "1.11.6",
                "lefthook-openbsd-arm64": "1.11.6",
                "lefthook-openbsd-x64": "1.11.6",
                "lefthook-windows-arm64": "1.11.6",
                "lefthook-windows-x64": "1.11.6"
            }
        },
        "node_modules/lefthook-darwin-arm64": {
            "version": "1.11.6",
            "resolved": "https://registry.npmjs.org/lefthook-darwin-arm64/-/lefthook-darwin-arm64-1.11.6.tgz",
            "integrity": "sha512-gWgdWrKgZgX+bKc6Vs/x7JkO+58lLOpRzpteLx//82D0MKVPlNZwjd4zz4AbIBXtM4Hcj+6gSsOzQ7QDXxjVvQ==",
            "cpu": [
                "arm64"
            ],
            "dev": true,
            "license": "MIT",
            "optional": true,
            "os": [
                "darwin"
            ]
        },
        "node_modules/lefthook-darwin-x64": {
            "version": "1.11.6",
            "resolved": "https://registry.npmjs.org/lefthook-darwin-x64/-/lefthook-darwin-x64-1.11.6.tgz",
            "integrity": "sha512-Ia0TjTKuYcSaDTuoCnbWtpPZ2VEoKzgn33OB90VjNaSVs4ooE0PIdpO+w00x1elqIaf1pbrpq6HgeB26Du8KbQ==",
            "cpu": [
                "x64"
            ],
            "dev": true,
            "license": "MIT",
            "optional": true,
            "os": [
                "darwin"
            ]
        },
        "node_modules/lefthook-freebsd-arm64": {
            "version": "1.11.6",
            "resolved": "https://registry.npmjs.org/lefthook-freebsd-arm64/-/lefthook-freebsd-arm64-1.11.6.tgz",
            "integrity": "sha512-PxIwj+hmjLahyzEmcIfalIBDhgklAQCavwM4sGCgbzDi4/+VQX+4aEs4pQqtd7v3aohmjtO/4n2emzTI8donww==",
            "cpu": [
                "arm64"
            ],
            "dev": true,
            "license": "MIT",
            "optional": true,
            "os": [
                "freebsd"
            ]
        },
        "node_modules/lefthook-freebsd-x64": {
            "version": "1.11.6",
            "resolved": "https://registry.npmjs.org/lefthook-freebsd-x64/-/lefthook-freebsd-x64-1.11.6.tgz",
            "integrity": "sha512-3o1lMKxz1VtWaP/o117wgUn3ZOpefMoSf+8LuiTzI3/PDprIuzgyw2nXKlBZAMDpNPHMNnJeQNts9XLMRmkldg==",
            "cpu": [
                "x64"
            ],
            "dev": true,
            "license": "MIT",
            "optional": true,
            "os": [
                "freebsd"
            ]
        },
        "node_modules/lefthook-linux-arm64": {
            "version": "1.11.6",
            "resolved": "https://registry.npmjs.org/lefthook-linux-arm64/-/lefthook-linux-arm64-1.11.6.tgz",
            "integrity": "sha512-nKPFZ5cA9f5tVn0ybDVqcXXlpTHZqo05N4KQRhWTj5Nem+JoD2YzJIlvZhdJhUrldERqj6deDMXChH5T3z4Rrw==",
            "cpu": [
                "arm64"
            ],
            "dev": true,
            "license": "MIT",
            "optional": true,
            "os": [
                "linux"
            ]
        },
        "node_modules/lefthook-linux-x64": {
            "version": "1.11.6",
            "resolved": "https://registry.npmjs.org/lefthook-linux-x64/-/lefthook-linux-x64-1.11.6.tgz",
            "integrity": "sha512-naN8dllLCOEeP+wznLnq+oXrs1dvt/iMLkcl+pOPWLqFccPfDiHzr8V8GslaTa+rSFsAnvjR7SJIOi5C29xedA==",
            "cpu": [
                "x64"
            ],
            "dev": true,
            "license": "MIT",
            "optional": true,
            "os": [
                "linux"
            ]
        },
        "node_modules/lefthook-openbsd-arm64": {
            "version": "1.11.6",
            "resolved": "https://registry.npmjs.org/lefthook-openbsd-arm64/-/lefthook-openbsd-arm64-1.11.6.tgz",
            "integrity": "sha512-dPxhJfYQ667T+U3pz1+O3mTRNHzXH/BvPlXSH+oy8uiSry4AtVNRXkVvXPUcpLlrAy6HuFYodsrpCIlWFeYwiQ==",
            "cpu": [
                "arm64"
            ],
            "dev": true,
            "license": "MIT",
            "optional": true,
            "os": [
                "openbsd"
            ]
        },
        "node_modules/lefthook-openbsd-x64": {
            "version": "1.11.6",
            "resolved": "https://registry.npmjs.org/lefthook-openbsd-x64/-/lefthook-openbsd-x64-1.11.6.tgz",
            "integrity": "sha512-9D26kcSsjiW4D0AuVDdi+0ZqrsOzRWOpMS/kcUbLfrU99yCvma0rMTqKbbDMkVur/znS7qL53oGahXCXDNA+IQ==",
            "cpu": [
                "x64"
            ],
            "dev": true,
            "license": "MIT",
            "optional": true,
            "os": [
                "openbsd"
            ]
        },
        "node_modules/lefthook-windows-arm64": {
            "version": "1.11.6",
            "resolved": "https://registry.npmjs.org/lefthook-windows-arm64/-/lefthook-windows-arm64-1.11.6.tgz",
            "integrity": "sha512-xdCenr4+BFnfBEhiXj6GJp02EPmcwTAGa7NYm6hVTfDwGXw24tuLv7lpnGjgK3kovN6EukgLH1FYkeyDOBEMnA==",
            "cpu": [
                "arm64"
            ],
            "dev": true,
            "license": "MIT",
            "optional": true,
            "os": [
                "win32"
            ]
        },
        "node_modules/lefthook-windows-x64": {
            "version": "1.11.6",
            "resolved": "https://registry.npmjs.org/lefthook-windows-x64/-/lefthook-windows-x64-1.11.6.tgz",
            "integrity": "sha512-Fg2GzLhzeDV/GX8+ydrI0wBOytQWpPkNdngx+a8B/feCDbwjAiFklDG5oV4ytuWrtg1JPEEWLJd6nHefj4wtHA==",
            "cpu": [
                "x64"
            ],
            "dev": true,
            "license": "MIT",
            "optional": true,
            "os": [
                "win32"
            ]
        },
        "node_modules/playwright": {
            "version": "1.51.1",
            "resolved": "https://registry.npmjs.org/playwright/-/playwright-1.51.1.tgz",
            "integrity": "sha512-kkx+MB2KQRkyxjYPc3a0wLZZoDczmppyGJIvQ43l+aZihkaVvmu/21kiyaHeHjiFxjxNNFnUncKmcGIyOojsaw==",
            "dev": true,
            "license": "Apache-2.0",
            "dependencies": {
                "playwright-core": "1.51.1"
            },
            "bin": {
                "playwright": "cli.js"
            },
            "engines": {
                "node": ">=18"
            },
            "optionalDependencies": {
                "fsevents": "2.3.2"
            }
        },
        "node_modules/playwright-core": {
            "version": "1.51.1",
            "resolved": "https://registry.npmjs.org/playwright-core/-/playwright-core-1.51.1.tgz",
            "integrity": "sha512-/crRMj8+j/Nq5s8QcvegseuyeZPxpQCZb6HNk3Sos3BlZyAknRjoyJPFWkpNn8v0+P3WiwqFF8P+zQo4eqiNuw==",
            "dev": true,
            "license": "Apache-2.0",
            "bin": {
                "playwright-core": "cli.js"
            },
            "engines": {
                "node": ">=18"
            }
        },
        "node_modules/undici-types": {
            "version": "6.20.0",
            "resolved": "https://registry.npmjs.org/undici-types/-/undici-types-6.20.0.tgz",
            "integrity": "sha512-Ny6QZ2Nju20vw1SRHe3d9jVu6gJ+4e3+MMpqu7pqE5HT6WsTSlce++GQmK5UXS8mzV8DSYHrQH+Xrf2jVcuKNg==",
            "dev": true,
            "license": "MIT"
        }
    }
}
